// !$*UTF8*$!
{
	archiveVersion = 1;
	classes = {
	};
	objectVersion = 46;
	objects = {

/* Begin PBXBuildFile section */
		18127F8518C6D438008C7A44 /* JBChartHeaderView.m in Sources */ = {isa = PBXBuildFile; fileRef = 18127F8418C6D438008C7A44 /* JBChartHeaderView.m */; };
		18127F8918C6D4C6008C7A44 /* JBLineChartFooterView.m in Sources */ = {isa = PBXBuildFile; fileRef = 18127F8818C6D4C6008C7A44 /* JBLineChartFooterView.m */; };
		18127F8C18C6D8E7008C7A44 /* JBChartInformationView.m in Sources */ = {isa = PBXBuildFile; fileRef = 18127F8B18C6D8E7008C7A44 /* JBChartInformationView.m */; };
		184FE15418BB0BB300D2216A /* FBIndividualLevelViewController.m in Sources */ = {isa = PBXBuildFile; fileRef = 184FE15318BB0BB300D2216A /* FBIndividualLevelViewController.m */; };
		184FE15818BB0E5100D2216A /* Chart.js in Resources */ = {isa = PBXBuildFile; fileRef = 184FE15618BB0E1100D2216A /* Chart.js */; };
		184FE15A18BB112300D2216A /* lineChart.html in Resources */ = {isa = PBXBuildFile; fileRef = 184FE15918BB112300D2216A /* lineChart.html */; };
		185DFC6A18B94C350012BE27 /* Foundation.framework in Frameworks */ = {isa = PBXBuildFile; fileRef = 185DFC6918B94C350012BE27 /* Foundation.framework */; };
		185DFC6C18B94C350012BE27 /* CoreGraphics.framework in Frameworks */ = {isa = PBXBuildFile; fileRef = 185DFC6B18B94C350012BE27 /* CoreGraphics.framework */; };
		185DFC6E18B94C350012BE27 /* UIKit.framework in Frameworks */ = {isa = PBXBuildFile; fileRef = 185DFC6D18B94C350012BE27 /* UIKit.framework */; };
		185DFC7418B94C350012BE27 /* InfoPlist.strings in Resources */ = {isa = PBXBuildFile; fileRef = 185DFC7218B94C350012BE27 /* InfoPlist.strings */; };
		185DFC7618B94C350012BE27 /* main.m in Sources */ = {isa = PBXBuildFile; fileRef = 185DFC7518B94C350012BE27 /* main.m */; };
		185DFC7A18B94C350012BE27 /* FBAppDelegate.m in Sources */ = {isa = PBXBuildFile; fileRef = 185DFC7918B94C350012BE27 /* FBAppDelegate.m */; };
		185DFC7D18B94C350012BE27 /* Main.storyboard in Resources */ = {isa = PBXBuildFile; fileRef = 185DFC7B18B94C350012BE27 /* Main.storyboard */; };
		185DFC8218B94C350012BE27 /* Images.xcassets in Resources */ = {isa = PBXBuildFile; fileRef = 185DFC8118B94C350012BE27 /* Images.xcassets */; };
		185DFC8918B94C350012BE27 /* XCTest.framework in Frameworks */ = {isa = PBXBuildFile; fileRef = 185DFC8818B94C350012BE27 /* XCTest.framework */; };
		185DFC8A18B94C350012BE27 /* Foundation.framework in Frameworks */ = {isa = PBXBuildFile; fileRef = 185DFC6918B94C350012BE27 /* Foundation.framework */; };
		185DFC8B18B94C350012BE27 /* UIKit.framework in Frameworks */ = {isa = PBXBuildFile; fileRef = 185DFC6D18B94C350012BE27 /* UIKit.framework */; };
		185DFC9318B94C350012BE27 /* InfoPlist.strings in Resources */ = {isa = PBXBuildFile; fileRef = 185DFC9118B94C350012BE27 /* InfoPlist.strings */; };
		185DFC9518B94C350012BE27 /* FishBitTests.m in Sources */ = {isa = PBXBuildFile; fileRef = 185DFC9418B94C350012BE27 /* FishBitTests.m */; };
		185DFCA318B957360012BE27 /* Parse.framework in Frameworks */ = {isa = PBXBuildFile; fileRef = 185DFCA218B957360012BE27 /* Parse.framework */; };
		185DFCA518B9575D0012BE27 /* AudioToolbox.framework in Frameworks */ = {isa = PBXBuildFile; fileRef = 185DFCA418B9575D0012BE27 /* AudioToolbox.framework */; };
		185DFCA718B957650012BE27 /* CFNetwork.framework in Frameworks */ = {isa = PBXBuildFile; fileRef = 185DFCA618B957650012BE27 /* CFNetwork.framework */; };
		185DFCA918B957770012BE27 /* CoreLocation.framework in Frameworks */ = {isa = PBXBuildFile; fileRef = 185DFCA818B957770012BE27 /* CoreLocation.framework */; };
		185DFCAB18B957810012BE27 /* libz.dylib in Frameworks */ = {isa = PBXBuildFile; fileRef = 185DFCAA18B957810012BE27 /* libz.dylib */; };
		185DFCAD18B9578B0012BE27 /* MobileCoreServices.framework in Frameworks */ = {isa = PBXBuildFile; fileRef = 185DFCAC18B9578B0012BE27 /* MobileCoreServices.framework */; };
		185DFCAF18B957B00012BE27 /* QuartzCore.framework in Frameworks */ = {isa = PBXBuildFile; fileRef = 185DFCAE18B957B00012BE27 /* QuartzCore.framework */; };
		185DFCB118B957B90012BE27 /* Security.framework in Frameworks */ = {isa = PBXBuildFile; fileRef = 185DFCB018B957B90012BE27 /* Security.framework */; };
		185DFCB318B957C30012BE27 /* StoreKit.framework in Frameworks */ = {isa = PBXBuildFile; fileRef = 185DFCB218B957C30012BE27 /* StoreKit.framework */; };
		185DFCB518B957D00012BE27 /* SystemConfiguration.framework in Frameworks */ = {isa = PBXBuildFile; fileRef = 185DFCB418B957D00012BE27 /* SystemConfiguration.framework */; };
		185DFCB818B9584D0012BE27 /* FBOverviewVC.m in Sources */ = {isa = PBXBuildFile; fileRef = 185DFCB718B9584D0012BE27 /* FBOverviewVC.m */; };
		185DFCBC18BAD02C0012BE27 /* FBOverviewCells.m in Sources */ = {isa = PBXBuildFile; fileRef = 185DFCBB18BAD02C0012BE27 /* FBOverviewCells.m */; };
		185DFCC018BAD1340012BE27 /* ATFishDataObject.m in Sources */ = {isa = PBXBuildFile; fileRef = 185DFCBF18BAD1340012BE27 /* ATFishDataObject.m */; };
		1864069318BAF4AA00B3BB2F /* fishbit-app-logo-v2.png in Resources */ = {isa = PBXBuildFile; fileRef = 1864069218BAF4AA00B3BB2F /* fishbit-app-logo-v2.png */; };
		186B91C818BC319B00389FCC /* UIColor+FBColors.m in Sources */ = {isa = PBXBuildFile; fileRef = 186B91C718BC319B00389FCC /* UIColor+FBColors.m */; };
		18AEC8F418BAFBD4009DA586 /* happyFace.png in Resources */ = {isa = PBXBuildFile; fileRef = 18AEC8F118BAFBD4009DA586 /* happyFace.png */; };
		18AEC8F518BAFBD4009DA586 /* neutral.png in Resources */ = {isa = PBXBuildFile; fileRef = 18AEC8F218BAFBD4009DA586 /* neutral.png */; };
		18AEC8F618BAFBD4009DA586 /* sadFace.png in Resources */ = {isa = PBXBuildFile; fileRef = 18AEC8F318BAFBD4009DA586 /* sadFace.png */; };
		1CFEE69E8E75480FA6FD3B45 /* libPods.a in Frameworks */ = {isa = PBXBuildFile; fileRef = 3277807825CD4E93BBDCC361 /* libPods.a */; };
/* End PBXBuildFile section */

/* Begin PBXContainerItemProxy section */
		185DFC8C18B94C350012BE27 /* PBXContainerItemProxy */ = {
			isa = PBXContainerItemProxy;
			containerPortal = 185DFC5E18B94C350012BE27 /* Project object */;
			proxyType = 1;
			remoteGlobalIDString = 185DFC6518B94C350012BE27;
			remoteInfo = FishBit;
		};
/* End PBXContainerItemProxy section */

/* Begin PBXFileReference section */
		18127F8318C6D438008C7A44 /* JBChartHeaderView.h */ = {isa = PBXFileReference; fileEncoding = 4; lastKnownFileType = sourcecode.c.h; name = JBChartHeaderView.h; path = "../../FishBit/FishBit/code/Custom objects/jawbone/JBChartHeaderView.h"; sourceTree = "<group>"; };
		18127F8418C6D438008C7A44 /* JBChartHeaderView.m */ = {isa = PBXFileReference; fileEncoding = 4; lastKnownFileType = sourcecode.c.objc; name = JBChartHeaderView.m; path = "../../FishBit/FishBit/code/Custom objects/jawbone/JBChartHeaderView.m"; sourceTree = "<group>"; };
		18127F8718C6D4C6008C7A44 /* JBLineChartFooterView.h */ = {isa = PBXFileReference; fileEncoding = 4; lastKnownFileType = sourcecode.c.h; name = JBLineChartFooterView.h; path = "../../FishBit/FishBit/code/Custom objects/jawbone/JBLineChartFooterView.h"; sourceTree = "<group>"; };
		18127F8818C6D4C6008C7A44 /* JBLineChartFooterView.m */ = {isa = PBXFileReference; fileEncoding = 4; lastKnownFileType = sourcecode.c.objc; name = JBLineChartFooterView.m; path = "../../FishBit/FishBit/code/Custom objects/jawbone/JBLineChartFooterView.m"; sourceTree = "<group>"; };
		18127F8A18C6D8E7008C7A44 /* JBChartInformationView.h */ = {isa = PBXFileReference; fileEncoding = 4; lastKnownFileType = sourcecode.c.h; name = JBChartInformationView.h; path = "../../FishBit/FishBit/code/Custom objects/jawbone/JBChartInformationView.h"; sourceTree = "<group>"; };
		18127F8B18C6D8E7008C7A44 /* JBChartInformationView.m */ = {isa = PBXFileReference; fileEncoding = 4; lastKnownFileType = sourcecode.c.objc; name = JBChartInformationView.m; path = "../../FishBit/FishBit/code/Custom objects/jawbone/JBChartInformationView.m"; sourceTree = "<group>"; };
		184FE15218BB0BB300D2216A /* FBIndividualLevelViewController.h */ = {isa = PBXFileReference; fileEncoding = 4; lastKnownFileType = sourcecode.c.h; name = FBIndividualLevelViewController.h; path = "../../FishBit/FishBit/code/view controllers/individual level vc/FBIndividualLevelViewController.h"; sourceTree = "<group>"; };
		184FE15318BB0BB300D2216A /* FBIndividualLevelViewController.m */ = {isa = PBXFileReference; fileEncoding = 4; lastKnownFileType = sourcecode.c.objc; name = FBIndividualLevelViewController.m; path = "../../FishBit/FishBit/code/view controllers/individual level vc/FBIndividualLevelViewController.m"; sourceTree = "<group>"; };
		184FE15618BB0E1100D2216A /* Chart.js */ = {isa = PBXFileReference; lastKnownFileType = sourcecode.javascript; name = Chart.js; path = ../Chart.js; sourceTree = "<group>"; };
		184FE15918BB112300D2216A /* lineChart.html */ = {isa = PBXFileReference; fileEncoding = 4; lastKnownFileType = text.html; name = lineChart.html; path = ../../FishBit/FishBit/code/Javascripts/lineChart.html; sourceTree = "<group>"; };
		185DFC6618B94C350012BE27 /* FishBit.app */ = {isa = PBXFileReference; explicitFileType = wrapper.application; includeInIndex = 0; path = FishBit.app; sourceTree = BUILT_PRODUCTS_DIR; };
		185DFC6918B94C350012BE27 /* Foundation.framework */ = {isa = PBXFileReference; lastKnownFileType = wrapper.framework; name = Foundation.framework; path = System/Library/Frameworks/Foundation.framework; sourceTree = SDKROOT; };
		185DFC6B18B94C350012BE27 /* CoreGraphics.framework */ = {isa = PBXFileReference; lastKnownFileType = wrapper.framework; name = CoreGraphics.framework; path = System/Library/Frameworks/CoreGraphics.framework; sourceTree = SDKROOT; };
		185DFC6D18B94C350012BE27 /* UIKit.framework */ = {isa = PBXFileReference; lastKnownFileType = wrapper.framework; name = UIKit.framework; path = System/Library/Frameworks/UIKit.framework; sourceTree = SDKROOT; };
		185DFC7118B94C350012BE27 /* FishBit-Info.plist */ = {isa = PBXFileReference; lastKnownFileType = text.plist.xml; path = "FishBit-Info.plist"; sourceTree = "<group>"; };
		185DFC7318B94C350012BE27 /* en */ = {isa = PBXFileReference; lastKnownFileType = text.plist.strings; name = en; path = en.lproj/InfoPlist.strings; sourceTree = "<group>"; };
		185DFC7518B94C350012BE27 /* main.m */ = {isa = PBXFileReference; lastKnownFileType = sourcecode.c.objc; path = main.m; sourceTree = "<group>"; };
		185DFC7718B94C350012BE27 /* FishBit-Prefix.pch */ = {isa = PBXFileReference; lastKnownFileType = sourcecode.c.h; path = "FishBit-Prefix.pch"; sourceTree = "<group>"; };
		185DFC7818B94C350012BE27 /* FBAppDelegate.h */ = {isa = PBXFileReference; lastKnownFileType = sourcecode.c.h; path = FBAppDelegate.h; sourceTree = "<group>"; };
		185DFC7918B94C350012BE27 /* FBAppDelegate.m */ = {isa = PBXFileReference; lastKnownFileType = sourcecode.c.objc; path = FBAppDelegate.m; sourceTree = "<group>"; };
		185DFC7C18B94C350012BE27 /* Base */ = {isa = PBXFileReference; lastKnownFileType = file.storyboard; name = Base; path = Base.lproj/Main.storyboard; sourceTree = "<group>"; };
		185DFC8118B94C350012BE27 /* Images.xcassets */ = {isa = PBXFileReference; lastKnownFileType = folder.assetcatalog; path = Images.xcassets; sourceTree = "<group>"; };
		185DFC8718B94C350012BE27 /* FishBitTests.xctest */ = {isa = PBXFileReference; explicitFileType = wrapper.cfbundle; includeInIndex = 0; path = FishBitTests.xctest; sourceTree = BUILT_PRODUCTS_DIR; };
		185DFC8818B94C350012BE27 /* XCTest.framework */ = {isa = PBXFileReference; lastKnownFileType = wrapper.framework; name = XCTest.framework; path = Library/Frameworks/XCTest.framework; sourceTree = DEVELOPER_DIR; };
		185DFC9018B94C350012BE27 /* FishBitTests-Info.plist */ = {isa = PBXFileReference; lastKnownFileType = text.plist.xml; path = "FishBitTests-Info.plist"; sourceTree = "<group>"; };
		185DFC9218B94C350012BE27 /* en */ = {isa = PBXFileReference; lastKnownFileType = text.plist.strings; name = en; path = en.lproj/InfoPlist.strings; sourceTree = "<group>"; };
		185DFC9418B94C350012BE27 /* FishBitTests.m */ = {isa = PBXFileReference; lastKnownFileType = sourcecode.c.objc; path = FishBitTests.m; sourceTree = "<group>"; };
		185DFCA218B957360012BE27 /* Parse.framework */ = {isa = PBXFileReference; lastKnownFileType = wrapper.framework; path = Parse.framework; sourceTree = "<group>"; };
		185DFCA418B9575D0012BE27 /* AudioToolbox.framework */ = {isa = PBXFileReference; lastKnownFileType = wrapper.framework; name = AudioToolbox.framework; path = System/Library/Frameworks/AudioToolbox.framework; sourceTree = SDKROOT; };
		185DFCA618B957650012BE27 /* CFNetwork.framework */ = {isa = PBXFileReference; lastKnownFileType = wrapper.framework; name = CFNetwork.framework; path = System/Library/Frameworks/CFNetwork.framework; sourceTree = SDKROOT; };
		185DFCA818B957770012BE27 /* CoreLocation.framework */ = {isa = PBXFileReference; lastKnownFileType = wrapper.framework; name = CoreLocation.framework; path = System/Library/Frameworks/CoreLocation.framework; sourceTree = SDKROOT; };
		185DFCAA18B957810012BE27 /* libz.dylib */ = {isa = PBXFileReference; lastKnownFileType = "compiled.mach-o.dylib"; name = libz.dylib; path = usr/lib/libz.dylib; sourceTree = SDKROOT; };
		185DFCAC18B9578B0012BE27 /* MobileCoreServices.framework */ = {isa = PBXFileReference; lastKnownFileType = wrapper.framework; name = MobileCoreServices.framework; path = System/Library/Frameworks/MobileCoreServices.framework; sourceTree = SDKROOT; };
		185DFCAE18B957B00012BE27 /* QuartzCore.framework */ = {isa = PBXFileReference; lastKnownFileType = wrapper.framework; name = QuartzCore.framework; path = System/Library/Frameworks/QuartzCore.framework; sourceTree = SDKROOT; };
		185DFCB018B957B90012BE27 /* Security.framework */ = {isa = PBXFileReference; lastKnownFileType = wrapper.framework; name = Security.framework; path = System/Library/Frameworks/Security.framework; sourceTree = SDKROOT; };
		185DFCB218B957C30012BE27 /* StoreKit.framework */ = {isa = PBXFileReference; lastKnownFileType = wrapper.framework; name = StoreKit.framework; path = System/Library/Frameworks/StoreKit.framework; sourceTree = SDKROOT; };
		185DFCB418B957D00012BE27 /* SystemConfiguration.framework */ = {isa = PBXFileReference; lastKnownFileType = wrapper.framework; name = SystemConfiguration.framework; path = System/Library/Frameworks/SystemConfiguration.framework; sourceTree = SDKROOT; };
		185DFCB618B9584D0012BE27 /* FBOverviewVC.h */ = {isa = PBXFileReference; fileEncoding = 4; lastKnownFileType = sourcecode.c.h; name = FBOverviewVC.h; path = "../../FishBit/FishBit/code/view controllers/FBOverviewVC.h"; sourceTree = "<group>"; };
		185DFCB718B9584D0012BE27 /* FBOverviewVC.m */ = {isa = PBXFileReference; fileEncoding = 4; lastKnownFileType = sourcecode.c.objc; name = FBOverviewVC.m; path = "../../FishBit/FishBit/code/view controllers/FBOverviewVC.m"; sourceTree = "<group>"; };
		185DFCBA18BAD02C0012BE27 /* FBOverviewCells.h */ = {isa = PBXFileReference; fileEncoding = 4; lastKnownFileType = sourcecode.c.h; name = FBOverviewCells.h; path = "../../FishBit/FishBit/code/view controllers/overview vc/FBOverviewCells.h"; sourceTree = "<group>"; };
		185DFCBB18BAD02C0012BE27 /* FBOverviewCells.m */ = {isa = PBXFileReference; fileEncoding = 4; lastKnownFileType = sourcecode.c.objc; name = FBOverviewCells.m; path = "../../FishBit/FishBit/code/view controllers/overview vc/FBOverviewCells.m"; sourceTree = "<group>"; };
		185DFCBD18BAD11E0012BE27 /* ATConstants.h */ = {isa = PBXFileReference; fileEncoding = 4; lastKnownFileType = sourcecode.c.h; path = ATConstants.h; sourceTree = "<group>"; };
		185DFCBE18BAD1340012BE27 /* ATFishDataObject.h */ = {isa = PBXFileReference; fileEncoding = 4; lastKnownFileType = sourcecode.c.h; path = ATFishDataObject.h; sourceTree = "<group>"; };
		185DFCBF18BAD1340012BE27 /* ATFishDataObject.m */ = {isa = PBXFileReference; fileEncoding = 4; lastKnownFileType = sourcecode.c.objc; path = ATFishDataObject.m; sourceTree = "<group>"; };
		1864069218BAF4AA00B3BB2F /* fishbit-app-logo-v2.png */ = {isa = PBXFileReference; lastKnownFileType = image.png; path = "fishbit-app-logo-v2.png"; sourceTree = "<group>"; };
		186B91C618BC319B00389FCC /* UIColor+FBColors.h */ = {isa = PBXFileReference; fileEncoding = 4; lastKnownFileType = sourcecode.c.h; name = "UIColor+FBColors.h"; path = "../../FishBit/FishBit/code/Custom objects/Categories/constant categories/UIColor+FBColors.h"; sourceTree = "<group>"; };
		186B91C718BC319B00389FCC /* UIColor+FBColors.m */ = {isa = PBXFileReference; fileEncoding = 4; lastKnownFileType = sourcecode.c.objc; name = "UIColor+FBColors.m"; path = "../../FishBit/FishBit/code/Custom objects/Categories/constant categories/UIColor+FBColors.m"; sourceTree = "<group>"; };
		18AEC8F118BAFBD4009DA586 /* happyFace.png */ = {isa = PBXFileReference; lastKnownFileType = image.png; path = happyFace.png; sourceTree = "<group>"; };
		18AEC8F218BAFBD4009DA586 /* neutral.png */ = {isa = PBXFileReference; lastKnownFileType = image.png; path = neutral.png; sourceTree = "<group>"; };
		18AEC8F318BAFBD4009DA586 /* sadFace.png */ = {isa = PBXFileReference; lastKnownFileType = image.png; path = sadFace.png; sourceTree = "<group>"; };
		3277807825CD4E93BBDCC361 /* libPods.a */ = {isa = PBXFileReference; explicitFileType = archive.ar; includeInIndex = 0; path = libPods.a; sourceTree = BUILT_PRODUCTS_DIR; };
		DAD599A8536645D8877F2E16 /* Pods.xcconfig */ = {isa = PBXFileReference; includeInIndex = 1; lastKnownFileType = text.xcconfig; name = Pods.xcconfig; path = ../Pods/Pods.xcconfig; sourceTree = "<group>"; };
/* End PBXFileReference section */

/* Begin PBXFrameworksBuildPhase section */
		185DFC6318B94C350012BE27 /* Frameworks */ = {
			isa = PBXFrameworksBuildPhase;
			buildActionMask = 2147483647;
			files = (
				185DFCB518B957D00012BE27 /* SystemConfiguration.framework in Frameworks */,
				185DFCB318B957C30012BE27 /* StoreKit.framework in Frameworks */,
				185DFCB118B957B90012BE27 /* Security.framework in Frameworks */,
				185DFCAF18B957B00012BE27 /* QuartzCore.framework in Frameworks */,
				185DFCAD18B9578B0012BE27 /* MobileCoreServices.framework in Frameworks */,
				185DFCAB18B957810012BE27 /* libz.dylib in Frameworks */,
				185DFCA918B957770012BE27 /* CoreLocation.framework in Frameworks */,
				185DFC6C18B94C350012BE27 /* CoreGraphics.framework in Frameworks */,
				185DFCA718B957650012BE27 /* CFNetwork.framework in Frameworks */,
				185DFCA518B9575D0012BE27 /* AudioToolbox.framework in Frameworks */,
				185DFC6E18B94C350012BE27 /* UIKit.framework in Frameworks */,
				185DFC6A18B94C350012BE27 /* Foundation.framework in Frameworks */,
				1CFEE69E8E75480FA6FD3B45 /* libPods.a in Frameworks */,
				185DFCA318B957360012BE27 /* Parse.framework in Frameworks */,
			);
			runOnlyForDeploymentPostprocessing = 0;
		};
		185DFC8418B94C350012BE27 /* Frameworks */ = {
			isa = PBXFrameworksBuildPhase;
			buildActionMask = 2147483647;
			files = (
				185DFC8918B94C350012BE27 /* XCTest.framework in Frameworks */,
				185DFC8B18B94C350012BE27 /* UIKit.framework in Frameworks */,
				185DFC8A18B94C350012BE27 /* Foundation.framework in Frameworks */,
			);
			runOnlyForDeploymentPostprocessing = 0;
		};
/* End PBXFrameworksBuildPhase section */

/* Begin PBXGroup section */
		18127F8218C6D40D008C7A44 /* Jawbone extra file */ = {
			isa = PBXGroup;
			children = (
				18127F8318C6D438008C7A44 /* JBChartHeaderView.h */,
				18127F8418C6D438008C7A44 /* JBChartHeaderView.m */,
				18127F8718C6D4C6008C7A44 /* JBLineChartFooterView.h */,
				18127F8818C6D4C6008C7A44 /* JBLineChartFooterView.m */,
				18127F8A18C6D8E7008C7A44 /* JBChartInformationView.h */,
				18127F8B18C6D8E7008C7A44 /* JBChartInformationView.m */,
			);
			name = "Jawbone extra file";
			sourceTree = "<group>";
		};
		184FE15018BB0B5A00D2216A /* Overview */ = {
			isa = PBXGroup;
			children = (
				185DFCB918BAD0010012BE27 /* cells */,
				185DFCB618B9584D0012BE27 /* FBOverviewVC.h */,
				185DFCB718B9584D0012BE27 /* FBOverviewVC.m */,
			);
			name = Overview;
			sourceTree = "<group>";
		};
		184FE15118BB0B7000D2216A /* Indivdual Level */ = {
			isa = PBXGroup;
			children = (
				184FE15218BB0BB300D2216A /* FBIndividualLevelViewController.h */,
				184FE15318BB0BB300D2216A /* FBIndividualLevelViewController.m */,
			);
			name = "Indivdual Level";
			sourceTree = "<group>";
		};
		184FE15518BB0D4500D2216A /* JarverScraps */ = {
			isa = PBXGroup;
			children = (
				184FE15918BB112300D2216A /* lineChart.html */,
				184FE15618BB0E1100D2216A /* Chart.js */,
			);
			name = JarverScraps;
			sourceTree = "<group>";
		};
		185DFC5D18B94C350012BE27 = {
			isa = PBXGroup;
			children = (
				185DFC6F18B94C350012BE27 /* FishBit */,
				185DFC7018B94C350012BE27 /* Supporting Files */,
				185DFC8E18B94C350012BE27 /* FishBitTests */,
				185DFC6818B94C350012BE27 /* Frameworks */,
				185DFC6718B94C350012BE27 /* Products */,
				DAD599A8536645D8877F2E16 /* Pods.xcconfig */,
			);
			sourceTree = "<group>";
		};
		185DFC6718B94C350012BE27 /* Products */ = {
			isa = PBXGroup;
			children = (
				185DFC6618B94C350012BE27 /* FishBit.app */,
				185DFC8718B94C350012BE27 /* FishBitTests.xctest */,
			);
			name = Products;
			sourceTree = "<group>";
		};
		185DFC6818B94C350012BE27 /* Frameworks */ = {
			isa = PBXGroup;
			children = (
				185DFCB418B957D00012BE27 /* SystemConfiguration.framework */,
				185DFCB218B957C30012BE27 /* StoreKit.framework */,
				185DFCB018B957B90012BE27 /* Security.framework */,
				185DFCAE18B957B00012BE27 /* QuartzCore.framework */,
				185DFCAC18B9578B0012BE27 /* MobileCoreServices.framework */,
				185DFCAA18B957810012BE27 /* libz.dylib */,
				185DFCA818B957770012BE27 /* CoreLocation.framework */,
				185DFCA618B957650012BE27 /* CFNetwork.framework */,
				185DFCA418B9575D0012BE27 /* AudioToolbox.framework */,
				185DFCA218B957360012BE27 /* Parse.framework */,
				185DFC6918B94C350012BE27 /* Foundation.framework */,
				185DFC6B18B94C350012BE27 /* CoreGraphics.framework */,
				185DFC6D18B94C350012BE27 /* UIKit.framework */,
				185DFC8818B94C350012BE27 /* XCTest.framework */,
				3277807825CD4E93BBDCC361 /* libPods.a */,
			);
			name = Frameworks;
			sourceTree = "<group>";
		};
		185DFC6F18B94C350012BE27 /* FishBit */ = {
			isa = PBXGroup;
			children = (
				185DFC9E18B94C520012BE27 /* App Delegate */,
				185DFC9F18B94C5E0012BE27 /* Storyboards */,
				185DFCA018B94C900012BE27 /* View Controllers */,
				185DFCA118B94C980012BE27 /* Custom Objects */,
				184FE15518BB0D4500D2216A /* JarverScraps */,
			);
			path = FishBit;
			sourceTree = "<group>";
		};
		185DFC7018B94C350012BE27 /* Supporting Files */ = {
			isa = PBXGroup;
			children = (
				18AEC8F118BAFBD4009DA586 /* happyFace.png */,
				18AEC8F218BAFBD4009DA586 /* neutral.png */,
				18AEC8F318BAFBD4009DA586 /* sadFace.png */,
				1864069218BAF4AA00B3BB2F /* fishbit-app-logo-v2.png */,
				185DFC8118B94C350012BE27 /* Images.xcassets */,
				185DFC7118B94C350012BE27 /* FishBit-Info.plist */,
				185DFC7218B94C350012BE27 /* InfoPlist.strings */,
				185DFC7518B94C350012BE27 /* main.m */,
				185DFC7718B94C350012BE27 /* FishBit-Prefix.pch */,
			);
			name = "Supporting Files";
			path = FishBit;
			sourceTree = "<group>";
		};
		185DFC8E18B94C350012BE27 /* FishBitTests */ = {
			isa = PBXGroup;
			children = (
				185DFC8F18B94C350012BE27 /* Supporting Files */,
				185DFC9418B94C350012BE27 /* FishBitTests.m */,
			);
			path = FishBitTests;
			sourceTree = "<group>";
		};
		185DFC8F18B94C350012BE27 /* Supporting Files */ = {
			isa = PBXGroup;
			children = (
				185DFC9018B94C350012BE27 /* FishBitTests-Info.plist */,
				185DFC9118B94C350012BE27 /* InfoPlist.strings */,
			);
			name = "Supporting Files";
			sourceTree = "<group>";
		};
		185DFC9E18B94C520012BE27 /* App Delegate */ = {
			isa = PBXGroup;
			children = (
				185DFC7818B94C350012BE27 /* FBAppDelegate.h */,
				185DFC7918B94C350012BE27 /* FBAppDelegate.m */,
			);
			name = "App Delegate";
			sourceTree = "<group>";
		};
		185DFC9F18B94C5E0012BE27 /* Storyboards */ = {
			isa = PBXGroup;
			children = (
				185DFC7B18B94C350012BE27 /* Main.storyboard */,
			);
			name = Storyboards;
			sourceTree = "<group>";
		};
		185DFCA018B94C900012BE27 /* View Controllers */ = {
			isa = PBXGroup;
			children = (
				184FE15118BB0B7000D2216A /* Indivdual Level */,
				184FE15018BB0B5A00D2216A /* Overview */,
			);
			name = "View Controllers";
			sourceTree = "<group>";
		};
		185DFCA118B94C980012BE27 /* Custom Objects */ = {
			isa = PBXGroup;
			children = (
				18127F8218C6D40D008C7A44 /* Jawbone extra file */,
				186B91C418BC316300389FCC /* Categories */,
				185DFCC218BAD14C0012BE27 /* Constants */,
				185DFCC118BAD1380012BE27 /* Fish Objects */,
			);
			name = "Custom Objects";
			sourceTree = "<group>";
		};
		185DFCB918BAD0010012BE27 /* cells */ = {
			isa = PBXGroup;
			children = (
				185DFCBA18BAD02C0012BE27 /* FBOverviewCells.h */,
				185DFCBB18BAD02C0012BE27 /* FBOverviewCells.m */,
			);
			name = cells;
			sourceTree = "<group>";
		};
		185DFCC118BAD1380012BE27 /* Fish Objects */ = {
			isa = PBXGroup;
			children = (
				185DFCBE18BAD1340012BE27 /* ATFishDataObject.h */,
				185DFCBF18BAD1340012BE27 /* ATFishDataObject.m */,
			);
			name = "Fish Objects";
			sourceTree = "<group>";
		};
		185DFCC218BAD14C0012BE27 /* Constants */ = {
			isa = PBXGroup;
			children = (
				185DFCBD18BAD11E0012BE27 /* ATConstants.h */,
			);
			name = Constants;
			sourceTree = "<group>";
		};
		186B91C418BC316300389FCC /* Categories */ = {
			isa = PBXGroup;
			children = (
				186B91C518BC316800389FCC /* Constants Categories */,
			);
			name = Categories;
			sourceTree = "<group>";
		};
		186B91C518BC316800389FCC /* Constants Categories */ = {
			isa = PBXGroup;
			children = (
				186B91C618BC319B00389FCC /* UIColor+FBColors.h */,
				186B91C718BC319B00389FCC /* UIColor+FBColors.m */,
			);
			name = "Constants Categories";
			sourceTree = "<group>";
		};
/* End PBXGroup section */

/* Begin PBXNativeTarget section */
		185DFC6518B94C350012BE27 /* FishBit */ = {
			isa = PBXNativeTarget;
			buildConfigurationList = 185DFC9818B94C350012BE27 /* Build configuration list for PBXNativeTarget "FishBit" */;
			buildPhases = (
				2BBFCB78F238417EA9E8755A /* Check Pods Manifest.lock */,
				185DFC6218B94C350012BE27 /* Sources */,
				185DFC6318B94C350012BE27 /* Frameworks */,
				185DFC6418B94C350012BE27 /* Resources */,
				8F16EAC5A6B54CABB1071C0D /* Copy Pods Resources */,
			);
			buildRules = (
			);
			dependencies = (
			);
			name = FishBit;
			productName = FishBit;
			productReference = 185DFC6618B94C350012BE27 /* FishBit.app */;
			productType = "com.apple.product-type.application";
		};
		185DFC8618B94C350012BE27 /* FishBitTests */ = {
			isa = PBXNativeTarget;
			buildConfigurationList = 185DFC9B18B94C350012BE27 /* Build configuration list for PBXNativeTarget "FishBitTests" */;
			buildPhases = (
				185DFC8318B94C350012BE27 /* Sources */,
				185DFC8418B94C350012BE27 /* Frameworks */,
				185DFC8518B94C350012BE27 /* Resources */,
			);
			buildRules = (
			);
			dependencies = (
				185DFC8D18B94C350012BE27 /* PBXTargetDependency */,
			);
			name = FishBitTests;
			productName = FishBitTests;
			productReference = 185DFC8718B94C350012BE27 /* FishBitTests.xctest */;
			productType = "com.apple.product-type.bundle.unit-test";
		};
/* End PBXNativeTarget section */

/* Begin PBXProject section */
		185DFC5E18B94C350012BE27 /* Project object */ = {
			isa = PBXProject;
			attributes = {
				CLASSPREFIX = FB;
				LastUpgradeCheck = 0500;
				ORGANIZATIONNAME = FishBit;
				TargetAttributes = {
					185DFC8618B94C350012BE27 = {
						TestTargetID = 185DFC6518B94C350012BE27;
					};
				};
			};
			buildConfigurationList = 185DFC6118B94C350012BE27 /* Build configuration list for PBXProject "Fishbit" */;
			compatibilityVersion = "Xcode 3.2";
			developmentRegion = English;
			hasScannedForEncodings = 0;
			knownRegions = (
				en,
				Base,
			);
			mainGroup = 185DFC5D18B94C350012BE27;
			productRefGroup = 185DFC6718B94C350012BE27 /* Products */;
			projectDirPath = "";
			projectRoot = "";
			targets = (
				185DFC6518B94C350012BE27 /* FishBit */,
				185DFC8618B94C350012BE27 /* FishBitTests */,
			);
		};
/* End PBXProject section */

/* Begin PBXResourcesBuildPhase section */
		185DFC6418B94C350012BE27 /* Resources */ = {
			isa = PBXResourcesBuildPhase;
			buildActionMask = 2147483647;
			files = (
				184FE15818BB0E5100D2216A /* Chart.js in Resources */,
				18AEC8F618BAFBD4009DA586 /* sadFace.png in Resources */,
				18AEC8F418BAFBD4009DA586 /* happyFace.png in Resources */,
				1864069318BAF4AA00B3BB2F /* fishbit-app-logo-v2.png in Resources */,
				185DFC8218B94C350012BE27 /* Images.xcassets in Resources */,
				185DFC7418B94C350012BE27 /* InfoPlist.strings in Resources */,
				185DFC7D18B94C350012BE27 /* Main.storyboard in Resources */,
				184FE15A18BB112300D2216A /* lineChart.html in Resources */,
				18AEC8F518BAFBD4009DA586 /* neutral.png in Resources */,
			);
			runOnlyForDeploymentPostprocessing = 0;
		};
		185DFC8518B94C350012BE27 /* Resources */ = {
			isa = PBXResourcesBuildPhase;
			buildActionMask = 2147483647;
			files = (
				185DFC9318B94C350012BE27 /* InfoPlist.strings in Resources */,
			);
			runOnlyForDeploymentPostprocessing = 0;
		};
/* End PBXResourcesBuildPhase section */

/* Begin PBXShellScriptBuildPhase section */
		2BBFCB78F238417EA9E8755A /* Check Pods Manifest.lock */ = {
			isa = PBXShellScriptBuildPhase;
			buildActionMask = 2147483647;
			files = (
			);
			inputPaths = (
			);
			name = "Check Pods Manifest.lock";
			outputPaths = (
			);
			runOnlyForDeploymentPostprocessing = 0;
			shellPath = /bin/sh;
			shellScript = "diff \"${PODS_ROOT}/../Podfile.lock\" \"${PODS_ROOT}/Manifest.lock\" > /dev/null\nif [[ $? != 0 ]] ; then\n    cat << EOM\nerror: The sandbox is not in sync with the Podfile.lock. Run 'pod install' or update your CocoaPods installation.\nEOM\n    exit 1\nfi\n";
			showEnvVarsInLog = 0;
		};
		8F16EAC5A6B54CABB1071C0D /* Copy Pods Resources */ = {
			isa = PBXShellScriptBuildPhase;
			buildActionMask = 2147483647;
			files = (
			);
			inputPaths = (
			);
			name = "Copy Pods Resources";
			outputPaths = (
			);
			runOnlyForDeploymentPostprocessing = 0;
			shellPath = /bin/sh;
			shellScript = "\"${SRCROOT}/../Pods/Pods-resources.sh\"\n";
			showEnvVarsInLog = 0;
		};
/* End PBXShellScriptBuildPhase section */

/* Begin PBXSourcesBuildPhase section */
		185DFC6218B94C350012BE27 /* Sources */ = {
			isa = PBXSourcesBuildPhase;
			buildActionMask = 2147483647;
			files = (
				18127F8C18C6D8E7008C7A44 /* JBChartInformationView.m in Sources */,
				18127F8518C6D438008C7A44 /* JBChartHeaderView.m in Sources */,
				185DFC7A18B94C350012BE27 /* FBAppDelegate.m in Sources */,
				185DFC7618B94C350012BE27 /* main.m in Sources */,
				185DFCC018BAD1340012BE27 /* ATFishDataObject.m in Sources */,
				185DFCBC18BAD02C0012BE27 /* FBOverviewCells.m in Sources */,
				18127F8918C6D4C6008C7A44 /* JBLineChartFooterView.m in Sources */,
				186B91C818BC319B00389FCC /* UIColor+FBColors.m in Sources */,
				184FE15418BB0BB300D2216A /* FBIndividualLevelViewController.m in Sources */,
				185DFCB818B9584D0012BE27 /* FBOverviewVC.m in Sources */,
			);
			runOnlyForDeploymentPostprocessing = 0;
		};
		185DFC8318B94C350012BE27 /* Sources */ = {
			isa = PBXSourcesBuildPhase;
			buildActionMask = 2147483647;
			files = (
				185DFC9518B94C350012BE27 /* FishBitTests.m in Sources */,
			);
			runOnlyForDeploymentPostprocessing = 0;
		};
/* End PBXSourcesBuildPhase section */

/* Begin PBXTargetDependency section */
		185DFC8D18B94C350012BE27 /* PBXTargetDependency */ = {
			isa = PBXTargetDependency;
			target = 185DFC6518B94C350012BE27 /* FishBit */;
			targetProxy = 185DFC8C18B94C350012BE27 /* PBXContainerItemProxy */;
		};
/* End PBXTargetDependency section */

/* Begin PBXVariantGroup section */
		185DFC7218B94C350012BE27 /* InfoPlist.strings */ = {
			isa = PBXVariantGroup;
			children = (
				185DFC7318B94C350012BE27 /* en */,
			);
			name = InfoPlist.strings;
			sourceTree = "<group>";
		};
		185DFC7B18B94C350012BE27 /* Main.storyboard */ = {
			isa = PBXVariantGroup;
			children = (
				185DFC7C18B94C350012BE27 /* Base */,
			);
			name = Main.storyboard;
			sourceTree = "<group>";
		};
		185DFC9118B94C350012BE27 /* InfoPlist.strings */ = {
			isa = PBXVariantGroup;
			children = (
				185DFC9218B94C350012BE27 /* en */,
			);
			name = InfoPlist.strings;
			sourceTree = "<group>";
		};
/* End PBXVariantGroup section */

/* Begin XCBuildConfiguration section */
		185DFC9618B94C350012BE27 /* Debug */ = {
			isa = XCBuildConfiguration;
			buildSettings = {
				ALWAYS_SEARCH_USER_PATHS = NO;
				ARCHS = "$(ARCHS_STANDARD_INCLUDING_64_BIT)";
				CLANG_CXX_LANGUAGE_STANDARD = "gnu++0x";
				CLANG_CXX_LIBRARY = "libc++";
				CLANG_ENABLE_MODULES = YES;
				CLANG_ENABLE_OBJC_ARC = YES;
				CLANG_WARN_BOOL_CONVERSION = YES;
				CLANG_WARN_CONSTANT_CONVERSION = YES;
				CLANG_WARN_DIRECT_OBJC_ISA_USAGE = YES_ERROR;
				CLANG_WARN_EMPTY_BODY = YES;
				CLANG_WARN_ENUM_CONVERSION = YES;
				CLANG_WARN_INT_CONVERSION = YES;
				CLANG_WARN_OBJC_ROOT_CLASS = YES_ERROR;
				CLANG_WARN__DUPLICATE_METHOD_MATCH = YES;
				"CODE_SIGN_IDENTITY[sdk=iphoneos*]" = "iPhone Developer";
				COPY_PHASE_STRIP = NO;
				GCC_C_LANGUAGE_STANDARD = gnu99;
				GCC_DYNAMIC_NO_PIC = NO;
				GCC_OPTIMIZATION_LEVEL = 0;
				GCC_PREPROCESSOR_DEFINITIONS = (
					"DEBUG=1",
					"$(inherited)",
				);
				GCC_SYMBOLS_PRIVATE_EXTERN = NO;
				GCC_WARN_64_TO_32_BIT_CONVERSION = YES;
				GCC_WARN_ABOUT_RETURN_TYPE = YES_ERROR;
				GCC_WARN_UNDECLARED_SELECTOR = YES;
				GCC_WARN_UNINITIALIZED_AUTOS = YES;
				GCC_WARN_UNUSED_FUNCTION = YES;
				GCC_WARN_UNUSED_VARIABLE = YES;
				IPHONEOS_DEPLOYMENT_TARGET = 7.0;
				ONLY_ACTIVE_ARCH = YES;
				SDKROOT = iphoneos;
			};
			name = Debug;
		};
		185DFC9718B94C350012BE27 /* Release */ = {
			isa = XCBuildConfiguration;
			buildSettings = {
				ALWAYS_SEARCH_USER_PATHS = NO;
				ARCHS = "$(ARCHS_STANDARD_INCLUDING_64_BIT)";
				CLANG_CXX_LANGUAGE_STANDARD = "gnu++0x";
				CLANG_CXX_LIBRARY = "libc++";
				CLANG_ENABLE_MODULES = YES;
				CLANG_ENABLE_OBJC_ARC = YES;
				CLANG_WARN_BOOL_CONVERSION = YES;
				CLANG_WARN_CONSTANT_CONVERSION = YES;
				CLANG_WARN_DIRECT_OBJC_ISA_USAGE = YES_ERROR;
				CLANG_WARN_EMPTY_BODY = YES;
				CLANG_WARN_ENUM_CONVERSION = YES;
				CLANG_WARN_INT_CONVERSION = YES;
				CLANG_WARN_OBJC_ROOT_CLASS = YES_ERROR;
				CLANG_WARN__DUPLICATE_METHOD_MATCH = YES;
				"CODE_SIGN_IDENTITY[sdk=iphoneos*]" = "iPhone Developer";
				COPY_PHASE_STRIP = YES;
				ENABLE_NS_ASSERTIONS = NO;
				GCC_C_LANGUAGE_STANDARD = gnu99;
				GCC_WARN_64_TO_32_BIT_CONVERSION = YES;
				GCC_WARN_ABOUT_RETURN_TYPE = YES_ERROR;
				GCC_WARN_UNDECLARED_SELECTOR = YES;
				GCC_WARN_UNINITIALIZED_AUTOS = YES;
				GCC_WARN_UNUSED_FUNCTION = YES;
				GCC_WARN_UNUSED_VARIABLE = YES;
				IPHONEOS_DEPLOYMENT_TARGET = 7.0;
				SDKROOT = iphoneos;
				VALIDATE_PRODUCT = YES;
			};
			name = Release;
		};
		185DFC9918B94C350012BE27 /* Debug */ = {
			isa = XCBuildConfiguration;
			baseConfigurationReference = DAD599A8536645D8877F2E16 /* Pods.xcconfig */;
			buildSettings = {
				ASSETCATALOG_COMPILER_APPICON_NAME = AppIcon;
				ASSETCATALOG_COMPILER_LAUNCHIMAGE_NAME = LaunchImage;
				FRAMEWORK_SEARCH_PATHS = (
					"$(inherited)",
					"/Users/nathanlevine/Desktop/Github/FishBit/ios-client-app/Fishbit",
				);
				GCC_PRECOMPILE_PREFIX_HEADER = YES;
				GCC_PREFIX_HEADER = "FishBit/FishBit-Prefix.pch";
				INFOPLIST_FILE = "FishBit/FishBit-Info.plist";
				IPHONEOS_DEPLOYMENT_TARGET = 7.0;
				OTHER_LDFLAGS = (
					"-framework",
					CoreData,
					"-framework",
					CoreGraphics,
					"-framework",
					MobileCoreServices,
					"-framework",
					Security,
					"-framework",
					SystemConfiguration,
				);
				PRODUCT_NAME = "$(TARGET_NAME)";
				PROVISIONING_PROFILE = "E5B0DC7A-3D9D-4D4A-ADBC-758C66E5C5F0";
				WRAPPER_EXTENSION = app;
			};
			name = Debug;
		};
		185DFC9A18B94C350012BE27 /* Release */ = {
			isa = XCBuildConfiguration;
			baseConfigurationReference = DAD599A8536645D8877F2E16 /* Pods.xcconfig */;
			buildSettings = {
				ASSETCATALOG_COMPILER_APPICON_NAME = AppIcon;
				ASSETCATALOG_COMPILER_LAUNCHIMAGE_NAME = LaunchImage;
				CODE_SIGN_IDENTITY = "iPhone Distribution: Nathan Levine (R5288RWS3D)";
				FRAMEWORK_SEARCH_PATHS = (
					"$(inherited)",
					"/Users/nathanlevine/Desktop/Github/FishBit/ios-client-app/Fishbit",
				);
				GCC_PRECOMPILE_PREFIX_HEADER = YES;
				GCC_PREFIX_HEADER = "FishBit/FishBit-Prefix.pch";
				INFOPLIST_FILE = "FishBit/FishBit-Info.plist";
				IPHONEOS_DEPLOYMENT_TARGET = 7.0;
				OTHER_LDFLAGS = (
					"-framework",
					CoreData,
					"-framework",
					CoreGraphics,
					"-framework",
					MobileCoreServices,
					"-framework",
					Security,
					"-framework",
					SystemConfiguration,
				);
				PRODUCT_NAME = "$(TARGET_NAME)";
				PROVISIONING_PROFILE = "E5B0DC7A-3D9D-4D4A-ADBC-758C66E5C5F0";
				WRAPPER_EXTENSION = app;
			};
			name = Release;
		};
		185DFC9C18B94C350012BE27 /* Debug */ = {
			isa = XCBuildConfiguration;
			buildSettings = {
				ARCHS = "$(ARCHS_STANDARD_INCLUDING_64_BIT)";
				BUNDLE_LOADER = "$(BUILT_PRODUCTS_DIR)/FishBit.app/FishBit";
				FRAMEWORK_SEARCH_PATHS = (
					"$(SDKROOT)/Developer/Library/Frameworks",
					"$(inherited)",
					"$(DEVELOPER_FRAMEWORKS_DIR)",
				);
				GCC_PRECOMPILE_PREFIX_HEADER = YES;
				GCC_PREFIX_HEADER = "FishBit/FishBit-Prefix.pch";
				GCC_PREPROCESSOR_DEFINITIONS = (
					"DEBUG=1",
					"$(inherited)",
				);
				INFOPLIST_FILE = "FishBitTests/FishBitTests-Info.plist";
				PRODUCT_NAME = "$(TARGET_NAME)";
				TEST_HOST = "$(BUNDLE_LOADER)";
				WRAPPER_EXTENSION = xctest;
			};
			name = Debug;
		};
		185DFC9D18B94C350012BE27 /* Release */ = {
			isa = XCBuildConfiguration;
			buildSettings = {
				ARCHS = "$(ARCHS_STANDARD_INCLUDING_64_BIT)";
				BUNDLE_LOADER = "$(BUILT_PRODUCTS_DIR)/FishBit.app/FishBit";
				FRAMEWORK_SEARCH_PATHS = (
					"$(SDKROOT)/Developer/Library/Frameworks",
					"$(inherited)",
					"$(DEVELOPER_FRAMEWORKS_DIR)",
				);
				GCC_PRECOMPILE_PREFIX_HEADER = YES;
				GCC_PREFIX_HEADER = "FishBit/FishBit-Prefix.pch";
				INFOPLIST_FILE = "FishBitTests/FishBitTests-Info.plist";
				PRODUCT_NAME = "$(TARGET_NAME)";
				TEST_HOST = "$(BUNDLE_LOADER)";
				WRAPPER_EXTENSION = xctest;
			};
			name = Release;
		};
/* End XCBuildConfiguration section */

/* Begin XCConfigurationList section */
		185DFC6118B94C350012BE27 /* Build configuration list for PBXProject "Fishbit" */ = {
			isa = XCConfigurationList;
			buildConfigurations = (
				185DFC9618B94C350012BE27 /* Debug */,
				185DFC9718B94C350012BE27 /* Release */,
			);
			defaultConfigurationIsVisible = 0;
			defaultConfigurationName = Release;
		};
		185DFC9818B94C350012BE27 /* Build configuration list for PBXNativeTarget "FishBit" */ = {
			isa = XCConfigurationList;
			buildConfigurations = (
				185DFC9918B94C350012BE27 /* Debug */,
				185DFC9A18B94C350012BE27 /* Release */,
			);
			defaultConfigurationIsVisible = 0;
			defaultConfigurationName = Release;
		};
		185DFC9B18B94C350012BE27 /* Build configuration list for PBXNativeTarget "FishBitTests" */ = {
			isa = XCConfigurationList;
			buildConfigurations = (
				185DFC9C18B94C350012BE27 /* Debug */,
				185DFC9D18B94C350012BE27 /* Release */,
			);
			defaultConfigurationIsVisible = 0;
			defaultConfigurationName = Release;
		};
/* End XCConfigurationList section */
	};
	rootObject = 185DFC5E18B94C350012BE27 /* Project object */;
}
